
Microsoft Visual Studio Solution File, Format Version 12.00
# Visual Studio Version 17
VisualStudioVersion = 17.2.32630.192
MinimumVisualStudioVersion = 10.0.40219.1
Project("{FAE04EC0-301F-11D3-BF4B-00C04F79EFBC}") = "NguyenHuuBang_2080600938", "NguyenHuuBang_2080600938\NguyenHuuBang_2080600938.csproj", "{BF45A940-8ED6-420E-A26E-53F5F746AF3D}"
EndProject
Global
	GlobalSection(SolutionConfigurationPlatforms) = preSolution
		Debug|Any CPU = Debug|Any CPU
		Release|Any CPU = Release|Any CPU
	EndGlobalSection
	GlobalSection(ProjectConfigurationPlatforms) = postSolution
		{BF45A940-8ED6-420E-A26E-53F5F746AF3D}.Debug|Any CPU.ActiveCfg = Debug|Any CPU
		{BF45A940-8ED6-420E-A26E-53F5F746AF3D}.Debug|Any CPU.Build.0 = Debug|Any CPU
		{BF45A940-8ED6-420E-A26E-53F5F746AF3D}.Release|Any CPU.ActiveCfg = Release|Any CPU
		{BF45A940-8ED6-420E-A26E-53F5F746AF3D}.Release|Any CPU.Build.0 = Release|Any CPU
	EndGlobalSection
	GlobalSection(SolutionProperties) = preSolution
		HideSolutionNode = FALSE
	EndGlobalSection
	GlobalSection(ExtensibilityGlobals) = postSolution
		SolutionGuid = {4AC99127-704F-4973-A17E-21221F72DDC2}
	EndGlobalSection
EndGlobal
